
Microsoft Visual Studio Solution File, Format Version 12.00
# Visual Studio Version 17
VisualStudioVersion = 17.7.34221.43
MinimumVisualStudioVersion = 10.0.40219.1
Project("{FAE04EC0-301F-11D3-BF4B-00C04F79EFBC}") = "eTickets", "eTickets\eTickets.csproj", "{358DBBD1-3FCE-4693-82B9-78B4EC3E43BB}"
EndProject
Global
	GlobalSection(SolutionConfigurationPlatforms) = preSolution
		Debug|Any CPU = Debug|Any CPU
		Release|Any CPU = Release|Any CPU
	EndGlobalSection
	GlobalSection(ProjectConfigurationPlatforms) = postSolution
		{358DBBD1-3FCE-4693-82B9-78B4EC3E43BB}.Debug|Any CPU.ActiveCfg = Debug|Any CPU
		{358DBBD1-3FCE-4693-82B9-78B4EC3E43BB}.Debug|Any CPU.Build.0 = Debug|Any CPU
		{358DBBD1-3FCE-4693-82B9-78B4EC3E43BB}.Release|Any CPU.ActiveCfg = Release|Any CPU
		{358DBBD1-3FCE-4693-82B9-78B4EC3E43BB}.Release|Any CPU.Build.0 = Release|Any CPU
	EndGlobalSection
	GlobalSection(SolutionProperties) = preSolution
		HideSolutionNode = FALSE
	EndGlobalSection
	GlobalSection(ExtensibilityGlobals) = postSolution
		SolutionGuid = {03A786FF-999A-4EB8-945C-205C0C2C50FE}
	EndGlobalSection
EndGlobal
